
Microsoft Visual Studio Solution File, Format Version 12.00
# Visual Studio Version 16
VisualStudioVersion = 16.0.31205.134
MinimumVisualStudioVersion = 10.0.40219.1
Project("{FAE04EC0-301F-11D3-BF4B-00C04F79EFBC}") = "netsh_enumerator", "netsh_enumerator\netsh_enumerator.csproj", "{C6C8E7BB-6882-4A1F-848F-E669446AC672}"
EndProject
Global
	GlobalSection(SolutionConfigurationPlatforms) = preSolution
		Debug|Any CPU = Debug|Any CPU
		Release|Any CPU = Release|Any CPU
	EndGlobalSection
	GlobalSection(ProjectConfigurationPlatforms) = postSolution
		{C6C8E7BB-6882-4A1F-848F-E669446AC672}.Debug|Any CPU.ActiveCfg = Debug|Any CPU
		{C6C8E7BB-6882-4A1F-848F-E669446AC672}.Debug|Any CPU.Build.0 = Debug|Any CPU
		{C6C8E7BB-6882-4A1F-848F-E669446AC672}.Release|Any CPU.ActiveCfg = Release|Any CPU
		{C6C8E7BB-6882-4A1F-848F-E669446AC672}.Release|Any CPU.Build.0 = Release|Any CPU
	EndGlobalSection
	GlobalSection(SolutionProperties) = preSolution
		HideSolutionNode = FALSE
	EndGlobalSection
	GlobalSection(ExtensibilityGlobals) = postSolution
		SolutionGuid = {73AA39F1-90BB-4476-867E-0B921938CCC3}
	EndGlobalSection
EndGlobal
